Microsoft Visual Studio Solution File, Format Version 12.00
# Visual Studio Version 18
VisualStudioVersion = 18.4.11605.240 stable
MinimumVisualStudioVersion = 10.0.40219.1
Project("{FAE04EC0-301F-11D3-BF4B-00C04F79EFBC}") = "Mercurius.LAN.API", "src\MercuriusAPI\Mercurius.LAN.API.csproj", "{1AF9C216-8015-49BC-8EAE-56130497562F}"
EndProject
Project("{FAE04EC0-301F-11D3-BF4B-00C04F79EFBC}") = "Mercurius.LAN.API.Tests", "tests\MercuriusAPI.Tests\Mercurius.LAN.API.Tests.csproj", "{69D1D3D8-4D11-4E6B-AA24-910DF4C3CCA3}"
EndProject
Project("{FAE04EC0-301F-11D3-BF4B-00C04F79EFBC}") = "Platform", "src\Platform\Platform.csproj", "{CB595932-0676-48A3-A770-0F14A77F91D6}"
EndProject
Project("{2150E333-8FDC-42A3-9474-1A3956D46DE8}") = "src", "src", "{02EA681E-C7D8-13C7-8484-4AC65E1B71E8}"
EndProject
Project("{2150E333-8FDC-42A3-9474-1A3956D46DE8}") = "tests", "tests", "{68DEE2EC-01C1-4779-B22C-A710B2973486}"
EndProject
Project("{FAE04EC0-301F-11D3-BF4B-00C04F79EFBC}") = "Modules.Shared", "src\Modules.Shared\Modules.Shared.csproj", "{D0A9B331-77FB-4B9A-9C5C-FDE778DA477C}"
EndProject
Project("{2150E333-8FDC-42A3-9474-1A3956D46DE8}") = "Modules", "Modules", "{79BD94B2-D37A-B054-E27D-3F8197A238B8}"
EndProject
Project("{2150E333-8FDC-42A3-9474-1A3956D46DE8}") = "Identity", "Identity", "{D46BEC83-B9BD-916F-173D-BA5606369817}"
EndProject
Project("{FAE04EC0-301F-11D3-BF4B-00C04F79EFBC}") = "Mercurius.Modules.Identity", "src\Modules\Identity\Mercurius.Modules.Identity\Mercurius.Modules.Identity.csproj", "{E16EFF06-6EEF-4F4C-84D6-5FFE00D4D59D}"
EndProject
Project("{FAE04EC0-301F-11D3-BF4B-00C04F79EFBC}") = "Mercurius.Modules.Identity.Contracts", "src\Modules\Identity\Mercurius.Modules.Identity.Contracts\Mercurius.Modules.Identity.Contracts.csproj", "{648125AC-15B5-4F36-BD9F-11BE3C2F3FA4}"
EndProject
Project("{2150E333-8FDC-42A3-9474-1A3956D46DE8}") = "Teams", "Teams", "{F1442D10-CA03-F67E-DA7F-ED69ECFC6A58}"
EndProject
Project("{FAE04EC0-301F-11D3-BF4B-00C04F79EFBC}") = "Mercurius.Modules.Teams", "src\Modules\Teams\Mercurius.Modules.Teams\Mercurius.Modules.Teams.csproj", "{1A21AA9F-D54F-46E3-84A0-6EF034ACB6A0}"
EndProject
Project("{FAE04EC0-301F-11D3-BF4B-00C04F79EFBC}") = "Mercurius.Modules.Teams.Contracts", "src\Modules\Teams\Mercurius.Modules.Teams.Contracts\Mercurius.Modules.Teams.Contracts.csproj", "{65E5D541-530C-4522-A92E-96431A5FE90F}"
EndProject
Project("{2150E333-8FDC-42A3-9474-1A3956D46DE8}") = "Competition", "Competition", "{48354D19-C052-659D-E48B-231D7A477F36}"
EndProject
Project("{FAE04EC0-301F-11D3-BF4B-00C04F79EFBC}") = "Mercurius.Modules.Competition", "src\Modules\Competition\Mercurius.Modules.Competition\Mercurius.Modules.Competition.csproj", "{AC76910A-30AE-4A3E-BC5E-D1552604E376}"
EndProject
Project("{FAE04EC0-301F-11D3-BF4B-00C04F79EFBC}") = "Mercurius.Modules.Competition.Contracts", "src\Modules\Competition\Mercurius.Modules.Competition.Contracts\Mercurius.Modules.Competition.Contracts.csproj", "{74E4A5FC-97D0-47EC-8399-9730E45C2FA7}"
EndProject
Project("{2150E333-8FDC-42A3-9474-1A3956D46DE8}") = "Sponsorship", "Sponsorship", "{9F59A0F5-57DE-ED0B-06FC-5CE60D7A9DF6}"
EndProject
Project("{FAE04EC0-301F-11D3-BF4B-00C04F79EFBC}") = "Mercurius.Modules.Sponsorship", "src\Modules\Sponsorship\Mercurius.Modules.Sponsorship\Mercurius.Modules.Sponsorship.csproj", "{48FC35A4-AD1E-4EA9-9E30-5FD12CEFA37E}"
EndProject
Project("{FAE04EC0-301F-11D3-BF4B-00C04F79EFBC}") = "Mercurius.Modules.Sponsorship.Contracts", "src\Modules\Sponsorship\Mercurius.Modules.Sponsorship.Contracts\Mercurius.Modules.Sponsorship.Contracts.csproj", "{578FC56B-2D9C-448D-B5BC-1E14EAA570E5}"
EndProject
Project("{2150E333-8FDC-42A3-9474-1A3956D46DE8}") = "Discovery", "Discovery", "{94186080-1654-C10F-FCBB-DED8FCDCC5D0}"
EndProject
Project("{FAE04EC0-301F-11D3-BF4B-00C04F79EFBC}") = "Mercurius.Modules.Discovery", "src\Modules\Discovery\Mercurius.Modules.Discovery\Mercurius.Modules.Discovery.csproj", "{18606DDA-A748-4C6F-ABCA-96B816EBCA26}"
EndProject
Project("{FAE04EC0-301F-11D3-BF4B-00C04F79EFBC}") = "Mercurius.Modules.Discovery.Contracts", "src\Modules\Discovery\Mercurius.Modules.Discovery.Contracts\Mercurius.Modules.Discovery.Contracts.csproj", "{482115F6-6F08-4F54-9D75-D7115519F496}"
EndProject
Project("{2150E333-8FDC-42A3-9474-1A3956D46DE8}") = "Media", "Media", "{0D95C2C9-42EC-4396-1AAB-C3AD07E0A6F2}"
EndProject
Project("{FAE04EC0-301F-11D3-BF4B-00C04F79EFBC}") = "Mercurius.Modules.Media", "src\Modules\Media\Mercurius.Modules.Media\Mercurius.Modules.Media.csproj", "{0F0F771A-7E61-4463-B63C-C2393AAD2BFF}"
EndProject
Project("{FAE04EC0-301F-11D3-BF4B-00C04F79EFBC}") = "Mercurius.Modules.Media.Contracts", "src\Modules\Media\Mercurius.Modules.Media.Contracts\Mercurius.Modules.Media.Contracts.csproj", "{9E5A222A-4AD6-4318-9B52-A722DFE61CFD}"
EndProject
Global
	GlobalSection(SolutionConfigurationPlatforms) = preSolution
		Debug|Any CPU = Debug|Any CPU
		Release|Any CPU = Release|Any CPU
	EndGlobalSection
	GlobalSection(ProjectConfigurationPlatforms) = postSolution
		{1AF9C216-8015-49BC-8EAE-56130497562F}.Debug|Any CPU.ActiveCfg = Debug|Any CPU
		{1AF9C216-8015-49BC-8EAE-56130497562F}.Debug|Any CPU.Build.0 = Debug|Any CPU
		{1AF9C216-8015-49BC-8EAE-56130497562F}.Release|Any CPU.ActiveCfg = Release|Any CPU
		{1AF9C216-8015-49BC-8EAE-56130497562F}.Release|Any CPU.Build.0 = Release|Any CPU
		{69D1D3D8-4D11-4E6B-AA24-910DF4C3CCA3}.Debug|Any CPU.ActiveCfg = Debug|Any CPU
		{69D1D3D8-4D11-4E6B-AA24-910DF4C3CCA3}.Debug|Any CPU.Build.0 = Debug|Any CPU
		{69D1D3D8-4D11-4E6B-AA24-910DF4C3CCA3}.Release|Any CPU.ActiveCfg = Release|Any CPU
		{69D1D3D8-4D11-4E6B-AA24-910DF4C3CCA3}.Release|Any CPU.Build.0 = Release|Any CPU
		{CB595932-0676-48A3-A770-0F14A77F91D6}.Debug|Any CPU.ActiveCfg = Debug|Any CPU
		{CB595932-0676-48A3-A770-0F14A77F91D6}.Debug|Any CPU.Build.0 = Debug|Any CPU
		{CB595932-0676-48A3-A770-0F14A77F91D6}.Release|Any CPU.ActiveCfg = Release|Any CPU
		{CB595932-0676-48A3-A770-0F14A77F91D6}.Release|Any CPU.Build.0 = Release|Any CPU
		{D0A9B331-77FB-4B9A-9C5C-FDE778DA477C}.Debug|Any CPU.ActiveCfg = Debug|Any CPU
		{D0A9B331-77FB-4B9A-9C5C-FDE778DA477C}.Debug|Any CPU.Build.0 = Debug|Any CPU
		{D0A9B331-77FB-4B9A-9C5C-FDE778DA477C}.Release|Any CPU.ActiveCfg = Release|Any CPU
		{D0A9B331-77FB-4B9A-9C5C-FDE778DA477C}.Release|Any CPU.Build.0 = Release|Any CPU
		{E16EFF06-6EEF-4F4C-84D6-5FFE00D4D59D}.Debug|Any CPU.ActiveCfg = Debug|Any CPU
		{E16EFF06-6EEF-4F4C-84D6-5FFE00D4D59D}.Debug|Any CPU.Build.0 = Debug|Any CPU
		{E16EFF06-6EEF-4F4C-84D6-5FFE00D4D59D}.Release|Any CPU.ActiveCfg = Release|Any CPU
		{E16EFF06-6EEF-4F4C-84D6-5FFE00D4D59D}.Release|Any CPU.Build.0 = Release|Any CPU
		{648125AC-15B5-4F36-BD9F-11BE3C2F3FA4}.Debug|Any CPU.ActiveCfg = Debug|Any CPU
		{648125AC-15B5-4F36-BD9F-11BE3C2F3FA4}.Debug|Any CPU.Build.0 = Debug|Any CPU
		{648125AC-15B5-4F36-BD9F-11BE3C2F3FA4}.Release|Any CPU.ActiveCfg = Release|Any CPU
		{648125AC-15B5-4F36-BD9F-11BE3C2F3FA4}.Release|Any CPU.Build.0 = Release|Any CPU
		{1A21AA9F-D54F-46E3-84A0-6EF034ACB6A0}.Debug|Any CPU.ActiveCfg = Debug|Any CPU
		{1A21AA9F-D54F-46E3-84A0-6EF034ACB6A0}.Debug|Any CPU.Build.0 = Debug|Any CPU
		{1A21AA9F-D54F-46E3-84A0-6EF034ACB6A0}.Release|Any CPU.ActiveCfg = Release|Any CPU
		{1A21AA9F-D54F-46E3-84A0-6EF034ACB6A0}.Release|Any CPU.Build.0 = Release|Any CPU
		{65E5D541-530C-4522-A92E-96431A5FE90F}.Debug|Any CPU.ActiveCfg = Debug|Any CPU
		{65E5D541-530C-4522-A92E-96431A5FE90F}.Debug|Any CPU.Build.0 = Debug|Any CPU
		{65E5D541-530C-4522-A92E-96431A5FE90F}.Release|Any CPU.ActiveCfg = Release|Any CPU
		{65E5D541-530C-4522-A92E-96431A5FE90F}.Release|Any CPU.Build.0 = Release|Any CPU
		{AC76910A-30AE-4A3E-BC5E-D1552604E376}.Debug|Any CPU.ActiveCfg = Debug|Any CPU
		{AC76910A-30AE-4A3E-BC5E-D1552604E376}.Debug|Any CPU.Build.0 = Debug|Any CPU
		{AC76910A-30AE-4A3E-BC5E-D1552604E376}.Release|Any CPU.ActiveCfg = Release|Any CPU
		{AC76910A-30AE-4A3E-BC5E-D1552604E376}.Release|Any CPU.Build.0 = Release|Any CPU
		{74E4A5FC-97D0-47EC-8399-9730E45C2FA7}.Debug|Any CPU.ActiveCfg = Debug|Any CPU
		{74E4A5FC-97D0-47EC-8399-9730E45C2FA7}.Debug|Any CPU.Build.0 = Debug|Any CPU
		{74E4A5FC-97D0-47EC-8399-9730E45C2FA7}.Release|Any CPU.ActiveCfg = Release|Any CPU
		{74E4A5FC-97D0-47EC-8399-9730E45C2FA7}.Release|Any CPU.Build.0 = Release|Any CPU
		{48FC35A4-AD1E-4EA9-9E30-5FD12CEFA37E}.Debug|Any CPU.ActiveCfg = Debug|Any CPU
		{48FC35A4-AD1E-4EA9-9E30-5FD12CEFA37E}.Debug|Any CPU.Build.0 = Debug|Any CPU
		{48FC35A4-AD1E-4EA9-9E30-5FD12CEFA37E}.Release|Any CPU.ActiveCfg = Release|Any CPU
		{48FC35A4-AD1E-4EA9-9E30-5FD12CEFA37E}.Release|Any CPU.Build.0 = Release|Any CPU
		{578FC56B-2D9C-448D-B5BC-1E14EAA570E5}.Debug|Any CPU.ActiveCfg = Debug|Any CPU
		{578FC56B-2D9C-448D-B5BC-1E14EAA570E5}.Debug|Any CPU.Build.0 = Debug|Any CPU
		{578FC56B-2D9C-448D-B5BC-1E14EAA570E5}.Release|Any CPU.ActiveCfg = Release|Any CPU
		{578FC56B-2D9C-448D-B5BC-1E14EAA570E5}.Release|Any CPU.Build.0 = Release|Any CPU
		{18606DDA-A748-4C6F-ABCA-96B816EBCA26}.Debug|Any CPU.ActiveCfg = Debug|Any CPU
		{18606DDA-A748-4C6F-ABCA-96B816EBCA26}.Debug|Any CPU.Build.0 = Debug|Any CPU
		{18606DDA-A748-4C6F-ABCA-96B816EBCA26}.Release|Any CPU.ActiveCfg = Release|Any CPU
		{18606DDA-A748-4C6F-ABCA-96B816EBCA26}.Release|Any CPU.Build.0 = Release|Any CPU
		{482115F6-6F08-4F54-9D75-D7115519F496}.Debug|Any CPU.ActiveCfg = Debug|Any CPU
		{482115F6-6F08-4F54-9D75-D7115519F496}.Debug|Any CPU.Build.0 = Debug|Any CPU
		{482115F6-6F08-4F54-9D75-D7115519F496}.Release|Any CPU.ActiveCfg = Release|Any CPU
		{482115F6-6F08-4F54-9D75-D7115519F496}.Release|Any CPU.Build.0 = Release|Any CPU
		{0F0F771A-7E61-4463-B63C-C2393AAD2BFF}.Debug|Any CPU.ActiveCfg = Debug|Any CPU
		{0F0F771A-7E61-4463-B63C-C2393AAD2BFF}.Debug|Any CPU.Build.0 = Debug|Any CPU
		{0F0F771A-7E61-4463-B63C-C2393AAD2BFF}.Release|Any CPU.ActiveCfg = Release|Any CPU
		{0F0F771A-7E61-4463-B63C-C2393AAD2BFF}.Release|Any CPU.Build.0 = Release|Any CPU
		{9E5A222A-4AD6-4318-9B52-A722DFE61CFD}.Debug|Any CPU.ActiveCfg = Debug|Any CPU
		{9E5A222A-4AD6-4318-9B52-A722DFE61CFD}.Debug|Any CPU.Build.0 = Debug|Any CPU
		{9E5A222A-4AD6-4318-9B52-A722DFE61CFD}.Release|Any CPU.ActiveCfg = Release|Any CPU
		{9E5A222A-4AD6-4318-9B52-A722DFE61CFD}.Release|Any CPU.Build.0 = Release|Any CPU
	EndGlobalSection
	GlobalSection(SolutionProperties) = preSolution
		HideSolutionNode = FALSE
	EndGlobalSection
	GlobalSection(NestedProjects) = preSolution
		{1AF9C216-8015-49BC-8EAE-56130497562F} = {02EA681E-C7D8-13C7-8484-4AC65E1B71E8}
		{69D1D3D8-4D11-4E6B-AA24-910DF4C3CCA3} = {68DEE2EC-01C1-4779-B22C-A710B2973486}
		{CB595932-0676-48A3-A770-0F14A77F91D6} = {02EA681E-C7D8-13C7-8484-4AC65E1B71E8}
		{D0A9B331-77FB-4B9A-9C5C-FDE778DA477C} = {02EA681E-C7D8-13C7-8484-4AC65E1B71E8}
		{79BD94B2-D37A-B054-E27D-3F8197A238B8} = {02EA681E-C7D8-13C7-8484-4AC65E1B71E8}
		{D46BEC83-B9BD-916F-173D-BA5606369817} = {79BD94B2-D37A-B054-E27D-3F8197A238B8}
		{E16EFF06-6EEF-4F4C-84D6-5FFE00D4D59D} = {D46BEC83-B9BD-916F-173D-BA5606369817}
		{648125AC-15B5-4F36-BD9F-11BE3C2F3FA4} = {D46BEC83-B9BD-916F-173D-BA5606369817}
		{F1442D10-CA03-F67E-DA7F-ED69ECFC6A58} = {79BD94B2-D37A-B054-E27D-3F8197A238B8}
		{1A21AA9F-D54F-46E3-84A0-6EF034ACB6A0} = {F1442D10-CA03-F67E-DA7F-ED69ECFC6A58}
		{65E5D541-530C-4522-A92E-96431A5FE90F} = {F1442D10-CA03-F67E-DA7F-ED69ECFC6A58}
		{48354D19-C052-659D-E48B-231D7A477F36} = {79BD94B2-D37A-B054-E27D-3F8197A238B8}
		{AC76910A-30AE-4A3E-BC5E-D1552604E376} = {48354D19-C052-659D-E48B-231D7A477F36}
		{74E4A5FC-97D0-47EC-8399-9730E45C2FA7} = {48354D19-C052-659D-E48B-231D7A477F36}
		{9F59A0F5-57DE-ED0B-06FC-5CE60D7A9DF6} = {79BD94B2-D37A-B054-E27D-3F8197A238B8}
		{48FC35A4-AD1E-4EA9-9E30-5FD12CEFA37E} = {9F59A0F5-57DE-ED0B-06FC-5CE60D7A9DF6}
		{578FC56B-2D9C-448D-B5BC-1E14EAA570E5} = {9F59A0F5-57DE-ED0B-06FC-5CE60D7A9DF6}
		{94186080-1654-C10F-FCBB-DED8FCDCC5D0} = {79BD94B2-D37A-B054-E27D-3F8197A238B8}
		{18606DDA-A748-4C6F-ABCA-96B816EBCA26} = {94186080-1654-C10F-FCBB-DED8FCDCC5D0}
		{482115F6-6F08-4F54-9D75-D7115519F496} = {94186080-1654-C10F-FCBB-DED8FCDCC5D0}
		{0D95C2C9-42EC-4396-1AAB-C3AD07E0A6F2} = {79BD94B2-D37A-B054-E27D-3F8197A238B8}
		{0F0F771A-7E61-4463-B63C-C2393AAD2BFF} = {0D95C2C9-42EC-4396-1AAB-C3AD07E0A6F2}
		{9E5A222A-4AD6-4318-9B52-A722DFE61CFD} = {0D95C2C9-42EC-4396-1AAB-C3AD07E0A6F2}
	EndGlobalSection
	GlobalSection(ExtensibilityGlobals) = postSolution
		SolutionGuid = {9CAFAFB8-94AF-4004-862A-97BE9589957B}
	EndGlobalSection
EndGlobal
